
Microsoft Visual Studio Solution File, Format Version 12.00
# Visual Studio 15
VisualStudioVersion = 15.0.28010.2026
MinimumVisualStudioVersion = 10.0.40219.1
Project("{FAE04EC0-301F-11D3-BF4B-00C04F79EFBC}") = "KervingJoseph-MathQuiz", "KervingJoseph-MathQuiz\KervingJoseph-MathQuiz.csproj", "{60F84847-D5E2-4820-8ACC-AC37A7ABD745}"
EndProject
Global
	GlobalSection(SolutionConfigurationPlatforms) = preSolution
		Debug|Any CPU = Debug|Any CPU
		Release|Any CPU = Release|Any CPU
	EndGlobalSection
	GlobalSection(ProjectConfigurationPlatforms) = postSolution
		{60F84847-D5E2-4820-8ACC-AC37A7ABD745}.Debug|Any CPU.ActiveCfg = Debug|Any CPU
		{60F84847-D5E2-4820-8ACC-AC37A7ABD745}.Debug|Any CPU.Build.0 = Debug|Any CPU
		{60F84847-D5E2-4820-8ACC-AC37A7ABD745}.Release|Any CPU.ActiveCfg = Release|Any CPU
		{60F84847-D5E2-4820-8ACC-AC37A7ABD745}.Release|Any CPU.Build.0 = Release|Any CPU
	EndGlobalSection
	GlobalSection(SolutionProperties) = preSolution
		HideSolutionNode = FALSE
	EndGlobalSection
	GlobalSection(ExtensibilityGlobals) = postSolution
		SolutionGuid = {6BB86767-3120-4D76-82B3-B1E661872BB7}
	EndGlobalSection
EndGlobal
